
Microsoft Visual Studio Solution File, Format Version 12.00
# Visual Studio 14
VisualStudioVersion = 14.0.24720.0
MinimumVisualStudioVersion = 10.0.40219.1
Project("{FAE04EC0-301F-11D3-BF4B-00C04F79EFBC}") = "CommonUnity", "CommonUnity\CommonUnity.csproj", "{EE8A9819-7F59-4614-9977-06EE047376A1}"
EndProject
Project("{FAE04EC0-301F-11D3-BF4B-00C04F79EFBC}") = "NavMeshClient", "NavMeshClient\NavMeshClient.csproj", "{88667854-5BB9-4BC3-8031-0CB7A33CFC6B}"
EndProject
Global
	GlobalSection(SolutionConfigurationPlatforms) = preSolution
		Debug|Any CPU = Debug|Any CPU
		Release|Any CPU = Release|Any CPU
	EndGlobalSection
	GlobalSection(ProjectConfigurationPlatforms) = postSolution
		{EE8A9819-7F59-4614-9977-06EE047376A1}.Debug|Any CPU.ActiveCfg = Debug|Any CPU
		{EE8A9819-7F59-4614-9977-06EE047376A1}.Debug|Any CPU.Build.0 = Debug|Any CPU
		{EE8A9819-7F59-4614-9977-06EE047376A1}.Release|Any CPU.ActiveCfg = Release|Any CPU
		{EE8A9819-7F59-4614-9977-06EE047376A1}.Release|Any CPU.Build.0 = Release|Any CPU
		{88667854-5BB9-4BC3-8031-0CB7A33CFC6B}.Debug|Any CPU.ActiveCfg = Debug|Any CPU
		{88667854-5BB9-4BC3-8031-0CB7A33CFC6B}.Debug|Any CPU.Build.0 = Debug|Any CPU
		{88667854-5BB9-4BC3-8031-0CB7A33CFC6B}.Release|Any CPU.ActiveCfg = Release|Any CPU
		{88667854-5BB9-4BC3-8031-0CB7A33CFC6B}.Release|Any CPU.Build.0 = Release|Any CPU
	EndGlobalSection
	GlobalSection(SolutionProperties) = preSolution
		HideSolutionNode = FALSE
	EndGlobalSection
EndGlobal
